
Microsoft Visual Studio Solution File, Format Version 12.00
# Visual Studio 2012
Project("{FAE04EC0-301F-11D3-BF4B-00C04F79EFBC}") = "WorkflowAnalyzer", "WorkflowAnalyzer\WorkflowAnalyzer.csproj", "{39AA6A98-268E-447B-83CA-D11FAEFE2CE4}"
EndProject
Project("{FAE04EC0-301F-11D3-BF4B-00C04F79EFBC}") = "PluginManager", "PluginManager\PluginManager.csproj", "{5FE0F7B4-A271-4DA8-B7F4-AD33DCF3C6B1}"
EndProject
Project("{FAE04EC0-301F-11D3-BF4B-00C04F79EFBC}") = "WorkflowAnalyzer.VersionChecker", "WorkflowAnalyzer.VersionChecker\WorkflowAnalyzer.VersionChecker.csproj", "{EBD12147-96E6-4537-BE04-B1E5F7BEAA52}"
EndProject
Project("{FAE04EC0-301F-11D3-BF4B-00C04F79EFBC}") = "WorkflowAnalyzer.ActionCounter", "WorkflowAnalyzer.ActionCounter\WorkflowAnalyzer.ActionCounter.csproj", "{6AD13A32-C00F-407F-BE67-F12898BC0E1D}"
EndProject
Project("{FAE04EC0-301F-11D3-BF4B-00C04F79EFBC}") = "WorkflowAnalyzer.BatchChecker", "WorkflowAnalyzer.BatchChecker\WorkflowAnalyzer.BatchChecker.csproj", "{13B0E95F-C868-4C0D-AE68-1D8C027BC587}"
EndProject
Project("{FAE04EC0-301F-11D3-BF4B-00C04F79EFBC}") = "WorkflowAnalyzer.TimingChecker", "WorkflowAnalyzer.TimingChecker\WorkflowAnalyzer.TimingChecker.csproj", "{A87AA2D2-AA47-4923-A807-8712D1B8F4CD}"
EndProject
Project("{FAE04EC0-301F-11D3-BF4B-00C04F79EFBC}") = "WorkflowAnalyzer.WorkflowSize", "WorkflowAnalyzer.WorkflowSize\WorkflowAnalyzer.WorkflowSize.csproj", "{E287DFA1-5207-458E-B7C4-906AFF1CAE28}"
EndProject
Project("{FAE04EC0-301F-11D3-BF4B-00C04F79EFBC}") = "WorkflowAnalyzer.BrowserTab", "WorkflowAnalyzer.ExternalTabTesting\WorkflowAnalyzer.BrowserTab.csproj", "{595156F1-E23C-4F21-9C7A-E43BE0090E42}"
EndProject
Project("{2150E333-8FDC-42A3-9474-1A3956D46DE8}") = "ProjectTemplates", "ProjectTemplates", "{0C2EC515-24E9-4D74-9439-430E355BA433}"
EndProject
Project("{FAE04EC0-301F-11D3-BF4B-00C04F79EFBC}") = "WorkflowAnalyzer.Tab", "WorkflowAnalyzer.Tab\WorkflowAnalyzer.Tab.csproj", "{DC39D514-7820-4353-98FD-0D559313BA89}"
EndProject
Project("{FAE04EC0-301F-11D3-BF4B-00C04F79EFBC}") = "WorkflowAnalyzer.RuleDefinition", "WorkflowAnalyzer.RuleDefinition\WorkflowAnalyzer.RuleDefinition.csproj", "{F1CC6B14-10F5-4E39-A96E-86D2CC440CCE}"
EndProject
Project("{2150E333-8FDC-42A3-9474-1A3956D46DE8}") = "Plugins", "Plugins", "{C90F717F-E69A-4DCB-939F-68AD3169CACE}"
EndProject
Project("{FAE04EC0-301F-11D3-BF4B-00C04F79EFBC}") = "WorkflowAnalyzer.VariablesTab", "WorkflowAnalyzer.VariablesTab\WorkflowAnalyzer.VariablesTab.csproj", "{F5DCEF5D-D839-45B4-9E9D-D196C6F921F9}"
EndProject
Project("{FAE04EC0-301F-11D3-BF4B-00C04F79EFBC}") = "WorkflowAnalyzerBrowserTabPlugin", "WorkflowAnalyzerBrowserTabPlugin\WorkflowAnalyzerBrowserTabPlugin.csproj", "{4ACE6566-2BDF-467A-8D4F-35188BDBBC29}"
EndProject
Project("{FAE04EC0-301F-11D3-BF4B-00C04F79EFBC}") = "WorkflowAnalyzerRuleDefinitionPlugin", "WorkflowAnalyzerRuleDefinitionPlugin\WorkflowAnalyzerRuleDefinitionPlugin.csproj", "{CA6ADDDC-E0B6-4A18-A660-640BAC0669B8}"
EndProject
Project("{FAE04EC0-301F-11D3-BF4B-00C04F79EFBC}") = "WorkflowAnalyzerTabPlugin", "WorkflowAnalyzerTabPlugin\WorkflowAnalyzerTabPlugin.csproj", "{19982FD0-EB36-4EAD-8D26-4330051BC983}"
EndProject
Project("{FAE04EC0-301F-11D3-BF4B-00C04F79EFBC}") = "SupportPackage", "SupportPackage\SupportPackage.csproj", "{390D26E4-0CEC-40BF-8DF2-5FBBA877131A}"
EndProject
Project("{FAE04EC0-301F-11D3-BF4B-00C04F79EFBC}") = "ULSPack", "ULSPack\ULSPack.csproj", "{CD415E4A-AC9F-4098-8555-B489CB68AA2E}"
EndProject
Project("{FAE04EC0-301F-11D3-BF4B-00C04F79EFBC}") = "WFAInterop", "WFAInterop\WFAInterop.csproj", "{00622621-B2AA-442C-8D7F-09D6DB59025C}"
EndProject
Global
	GlobalSection(TeamFoundationVersionControl) = preSolution
		SccNumberOfProjects = 18
		SccEnterpriseProvider = {4CA58AB2-18FA-4F8D-95D4-32DDF27D184C}
		SccTeamFoundationServer = https://tfs.codeplex.com/tfs/tfs32
		SccLocalPath0 = .
		SccProjectUniqueName1 = PluginManager\\PluginManager.csproj
		SccProjectName1 = PluginManager
		SccLocalPath1 = PluginManager
		SccProjectUniqueName2 = SupportPackage\\SupportPackage.csproj
		SccProjectName2 = SupportPackage
		SccLocalPath2 = SupportPackage
		SccProjectUniqueName3 = ULSPack\\ULSPack.csproj
		SccProjectName3 = ULSPack
		SccLocalPath3 = ULSPack
		SccProjectUniqueName4 = WorkflowAnalyzer.ActionCounter\\WorkflowAnalyzer.ActionCounter.csproj
		SccProjectTopLevelParentUniqueName4 = WorkflowAnalyzer.sln
		SccProjectName4 = WorkflowAnalyzer.ActionCounter
		SccLocalPath4 = WorkflowAnalyzer.ActionCounter
		SccProjectUniqueName5 = WorkflowAnalyzer.BatchChecker\\WorkflowAnalyzer.BatchChecker.csproj
		SccProjectTopLevelParentUniqueName5 = WorkflowAnalyzer.sln
		SccProjectName5 = WorkflowAnalyzer.BatchChecker
		SccLocalPath5 = WorkflowAnalyzer.BatchChecker
		SccProjectUniqueName6 = WorkflowAnalyzer.ExternalTabTesting\\WorkflowAnalyzer.BrowserTab.csproj
		SccProjectTopLevelParentUniqueName6 = WorkflowAnalyzer.sln
		SccProjectName6 = WorkflowAnalyzer.ExternalTabTesting
		SccLocalPath6 = WorkflowAnalyzer.ExternalTabTesting
		SccProjectUniqueName7 = WorkflowAnalyzer.RuleDefinition\\WorkflowAnalyzer.RuleDefinition.csproj
		SccProjectTopLevelParentUniqueName7 = WorkflowAnalyzer.sln
		SccProjectName7 = WorkflowAnalyzer.RuleDefinition
		SccLocalPath7 = WorkflowAnalyzer.RuleDefinition
		SccProjectUniqueName8 = WorkflowAnalyzer.Tab\\WorkflowAnalyzer.Tab.csproj
		SccProjectTopLevelParentUniqueName8 = WorkflowAnalyzer.sln
		SccProjectName8 = WorkflowAnalyzer.Tab
		SccLocalPath8 = WorkflowAnalyzer.Tab
		SccProjectUniqueName9 = WorkflowAnalyzer.TimingChecker\\WorkflowAnalyzer.TimingChecker.csproj
		SccProjectTopLevelParentUniqueName9 = WorkflowAnalyzer.sln
		SccProjectName9 = WorkflowAnalyzer.TimingChecker
		SccLocalPath9 = WorkflowAnalyzer.TimingChecker
		SccProjectUniqueName10 = WorkflowAnalyzer.VariablesTab\\WorkflowAnalyzer.VariablesTab.csproj
		SccProjectTopLevelParentUniqueName10 = WorkflowAnalyzer.sln
		SccProjectName10 = WorkflowAnalyzer.VariablesTab
		SccLocalPath10 = WorkflowAnalyzer.VariablesTab
		SccProjectUniqueName11 = WorkflowAnalyzer.VersionChecker\\WorkflowAnalyzer.VersionChecker.csproj
		SccProjectTopLevelParentUniqueName11 = WorkflowAnalyzer.sln
		SccProjectName11 = WorkflowAnalyzer.VersionChecker
		SccLocalPath11 = WorkflowAnalyzer.VersionChecker
		SccProjectUniqueName12 = WorkflowAnalyzer.WorkflowSize\\WorkflowAnalyzer.WorkflowSize.csproj
		SccProjectTopLevelParentUniqueName12 = WorkflowAnalyzer.sln
		SccProjectName12 = WorkflowAnalyzer.WorkflowSize
		SccLocalPath12 = WorkflowAnalyzer.WorkflowSize
		SccProjectUniqueName13 = WorkflowAnalyzer\\WorkflowAnalyzer.csproj
		SccProjectName13 = WorkflowAnalyzer
		SccLocalPath13 = WorkflowAnalyzer
		SccProjectUniqueName14 = WorkflowAnalyzerBrowserTabPlugin\\WorkflowAnalyzerBrowserTabPlugin.csproj
		SccProjectTopLevelParentUniqueName14 = WorkflowAnalyzer.sln
		SccProjectName14 = WorkflowAnalyzerBrowserTabPlugin
		SccLocalPath14 = WorkflowAnalyzerBrowserTabPlugin
		SccProjectUniqueName15 = WorkflowAnalyzerRuleDefinitionPlugin\\WorkflowAnalyzerRuleDefinitionPlugin.csproj
		SccProjectTopLevelParentUniqueName15 = WorkflowAnalyzer.sln
		SccProjectName15 = WorkflowAnalyzerRuleDefinitionPlugin
		SccLocalPath15 = WorkflowAnalyzerRuleDefinitionPlugin
		SccProjectUniqueName16 = WorkflowAnalyzerTabPlugin\\WorkflowAnalyzerTabPlugin.csproj
		SccProjectTopLevelParentUniqueName16 = WorkflowAnalyzer.sln
		SccProjectName16 = WorkflowAnalyzerTabPlugin
		SccLocalPath16 = WorkflowAnalyzerTabPlugin
		SccProjectUniqueName17 = WFAInterop\\WFAInterop.csproj
		SccProjectName17 = WFAInterop
		SccLocalPath17 = WFAInterop
	EndGlobalSection
	GlobalSection(SolutionConfigurationPlatforms) = preSolution
		Debug|Any CPU = Debug|Any CPU
		Debug|ARM = Debug|ARM
		Debug|Mixed Platforms = Debug|Mixed Platforms
		Debug|x64 = Debug|x64
		Debug|x86 = Debug|x86
		Release|Any CPU = Release|Any CPU
		Release|ARM = Release|ARM
		Release|Mixed Platforms = Release|Mixed Platforms
		Release|x64 = Release|x64
		Release|x86 = Release|x86
	EndGlobalSection
	GlobalSection(ProjectConfigurationPlatforms) = postSolution
		{39AA6A98-268E-447B-83CA-D11FAEFE2CE4}.Debug|Any CPU.ActiveCfg = Debug|x86
		{39AA6A98-268E-447B-83CA-D11FAEFE2CE4}.Debug|ARM.ActiveCfg = Debug|x86
		{39AA6A98-268E-447B-83CA-D11FAEFE2CE4}.Debug|Mixed Platforms.ActiveCfg = Debug|x86
		{39AA6A98-268E-447B-83CA-D11FAEFE2CE4}.Debug|Mixed Platforms.Build.0 = Debug|x86
		{39AA6A98-268E-447B-83CA-D11FAEFE2CE4}.Debug|x64.ActiveCfg = Debug|x86
		{39AA6A98-268E-447B-83CA-D11FAEFE2CE4}.Debug|x86.ActiveCfg = Debug|x86
		{39AA6A98-268E-447B-83CA-D11FAEFE2CE4}.Debug|x86.Build.0 = Debug|x86
		{39AA6A98-268E-447B-83CA-D11FAEFE2CE4}.Release|Any CPU.ActiveCfg = Release|x86
		{39AA6A98-268E-447B-83CA-D11FAEFE2CE4}.Release|ARM.ActiveCfg = Release|x86
		{39AA6A98-268E-447B-83CA-D11FAEFE2CE4}.Release|Mixed Platforms.ActiveCfg = Release|x86
		{39AA6A98-268E-447B-83CA-D11FAEFE2CE4}.Release|Mixed Platforms.Build.0 = Release|x86
		{39AA6A98-268E-447B-83CA-D11FAEFE2CE4}.Release|x64.ActiveCfg = Release|x86
		{39AA6A98-268E-447B-83CA-D11FAEFE2CE4}.Release|x86.ActiveCfg = Release|x86
		{39AA6A98-268E-447B-83CA-D11FAEFE2CE4}.Release|x86.Build.0 = Release|x86
		{5FE0F7B4-A271-4DA8-B7F4-AD33DCF3C6B1}.Debug|Any CPU.ActiveCfg = Debug|Any CPU
		{5FE0F7B4-A271-4DA8-B7F4-AD33DCF3C6B1}.Debug|Any CPU.Build.0 = Debug|Any CPU
		{5FE0F7B4-A271-4DA8-B7F4-AD33DCF3C6B1}.Debug|ARM.ActiveCfg = Debug|Any CPU
		{5FE0F7B4-A271-4DA8-B7F4-AD33DCF3C6B1}.Debug|Mixed Platforms.ActiveCfg = Debug|Any CPU
		{5FE0F7B4-A271-4DA8-B7F4-AD33DCF3C6B1}.Debug|Mixed Platforms.Build.0 = Debug|Any CPU
		{5FE0F7B4-A271-4DA8-B7F4-AD33DCF3C6B1}.Debug|x64.ActiveCfg = Debug|Any CPU
		{5FE0F7B4-A271-4DA8-B7F4-AD33DCF3C6B1}.Debug|x86.ActiveCfg = Debug|Any CPU
		{5FE0F7B4-A271-4DA8-B7F4-AD33DCF3C6B1}.Release|Any CPU.ActiveCfg = Release|Any CPU
		{5FE0F7B4-A271-4DA8-B7F4-AD33DCF3C6B1}.Release|Any CPU.Build.0 = Release|Any CPU
		{5FE0F7B4-A271-4DA8-B7F4-AD33DCF3C6B1}.Release|ARM.ActiveCfg = Release|Any CPU
		{5FE0F7B4-A271-4DA8-B7F4-AD33DCF3C6B1}.Release|Mixed Platforms.ActiveCfg = Release|Any CPU
		{5FE0F7B4-A271-4DA8-B7F4-AD33DCF3C6B1}.Release|Mixed Platforms.Build.0 = Release|Any CPU
		{5FE0F7B4-A271-4DA8-B7F4-AD33DCF3C6B1}.Release|x64.ActiveCfg = Release|Any CPU
		{5FE0F7B4-A271-4DA8-B7F4-AD33DCF3C6B1}.Release|x86.ActiveCfg = Release|Any CPU
		{EBD12147-96E6-4537-BE04-B1E5F7BEAA52}.Debug|Any CPU.ActiveCfg = Debug|Any CPU
		{EBD12147-96E6-4537-BE04-B1E5F7BEAA52}.Debug|Any CPU.Build.0 = Debug|Any CPU
		{EBD12147-96E6-4537-BE04-B1E5F7BEAA52}.Debug|ARM.ActiveCfg = Debug|Any CPU
		{EBD12147-96E6-4537-BE04-B1E5F7BEAA52}.Debug|Mixed Platforms.ActiveCfg = Debug|Any CPU
		{EBD12147-96E6-4537-BE04-B1E5F7BEAA52}.Debug|Mixed Platforms.Build.0 = Debug|Any CPU
		{EBD12147-96E6-4537-BE04-B1E5F7BEAA52}.Debug|x64.ActiveCfg = Debug|Any CPU
		{EBD12147-96E6-4537-BE04-B1E5F7BEAA52}.Debug|x86.ActiveCfg = Debug|Any CPU
		{EBD12147-96E6-4537-BE04-B1E5F7BEAA52}.Release|Any CPU.ActiveCfg = Release|Any CPU
		{EBD12147-96E6-4537-BE04-B1E5F7BEAA52}.Release|Any CPU.Build.0 = Release|Any CPU
		{EBD12147-96E6-4537-BE04-B1E5F7BEAA52}.Release|ARM.ActiveCfg = Release|Any CPU
		{EBD12147-96E6-4537-BE04-B1E5F7BEAA52}.Release|Mixed Platforms.ActiveCfg = Release|Any CPU
		{EBD12147-96E6-4537-BE04-B1E5F7BEAA52}.Release|Mixed Platforms.Build.0 = Release|Any CPU
		{EBD12147-96E6-4537-BE04-B1E5F7BEAA52}.Release|x64.ActiveCfg = Release|Any CPU
		{EBD12147-96E6-4537-BE04-B1E5F7BEAA52}.Release|x86.ActiveCfg = Release|Any CPU
		{6AD13A32-C00F-407F-BE67-F12898BC0E1D}.Debug|Any CPU.ActiveCfg = Debug|Any CPU
		{6AD13A32-C00F-407F-BE67-F12898BC0E1D}.Debug|Any CPU.Build.0 = Debug|Any CPU
		{6AD13A32-C00F-407F-BE67-F12898BC0E1D}.Debug|ARM.ActiveCfg = Debug|Any CPU
		{6AD13A32-C00F-407F-BE67-F12898BC0E1D}.Debug|Mixed Platforms.ActiveCfg = Debug|Any CPU
		{6AD13A32-C00F-407F-BE67-F12898BC0E1D}.Debug|Mixed Platforms.Build.0 = Debug|Any CPU
		{6AD13A32-C00F-407F-BE67-F12898BC0E1D}.Debug|x64.ActiveCfg = Debug|Any CPU
		{6AD13A32-C00F-407F-BE67-F12898BC0E1D}.Debug|x86.ActiveCfg = Debug|Any CPU
		{6AD13A32-C00F-407F-BE67-F12898BC0E1D}.Release|Any CPU.ActiveCfg = Release|Any CPU
		{6AD13A32-C00F-407F-BE67-F12898BC0E1D}.Release|Any CPU.Build.0 = Release|Any CPU
		{6AD13A32-C00F-407F-BE67-F12898BC0E1D}.Release|ARM.ActiveCfg = Release|Any CPU
		{6AD13A32-C00F-407F-BE67-F12898BC0E1D}.Release|Mixed Platforms.ActiveCfg = Release|Any CPU
		{6AD13A32-C00F-407F-BE67-F12898BC0E1D}.Release|Mixed Platforms.Build.0 = Release|Any CPU
		{6AD13A32-C00F-407F-BE67-F12898BC0E1D}.Release|x64.ActiveCfg = Release|Any CPU
		{6AD13A32-C00F-407F-BE67-F12898BC0E1D}.Release|x86.ActiveCfg = Release|Any CPU
		{13B0E95F-C868-4C0D-AE68-1D8C027BC587}.Debug|Any CPU.ActiveCfg = Debug|Any CPU
		{13B0E95F-C868-4C0D-AE68-1D8C027BC587}.Debug|Any CPU.Build.0 = Debug|Any CPU
		{13B0E95F-C868-4C0D-AE68-1D8C027BC587}.Debug|ARM.ActiveCfg = Debug|Any CPU
		{13B0E95F-C868-4C0D-AE68-1D8C027BC587}.Debug|Mixed Platforms.ActiveCfg = Debug|Any CPU
		{13B0E95F-C868-4C0D-AE68-1D8C027BC587}.Debug|Mixed Platforms.Build.0 = Debug|Any CPU
		{13B0E95F-C868-4C0D-AE68-1D8C027BC587}.Debug|x64.ActiveCfg = Debug|Any CPU
		{13B0E95F-C868-4C0D-AE68-1D8C027BC587}.Debug|x86.ActiveCfg = Debug|Any CPU
		{13B0E95F-C868-4C0D-AE68-1D8C027BC587}.Release|Any CPU.ActiveCfg = Release|Any CPU
		{13B0E95F-C868-4C0D-AE68-1D8C027BC587}.Release|Any CPU.Build.0 = Release|Any CPU
		{13B0E95F-C868-4C0D-AE68-1D8C027BC587}.Release|ARM.ActiveCfg = Release|Any CPU
		{13B0E95F-C868-4C0D-AE68-1D8C027BC587}.Release|Mixed Platforms.ActiveCfg = Release|Any CPU
		{13B0E95F-C868-4C0D-AE68-1D8C027BC587}.Release|Mixed Platforms.Build.0 = Release|Any CPU
		{13B0E95F-C868-4C0D-AE68-1D8C027BC587}.Release|x64.ActiveCfg = Release|Any CPU
		{13B0E95F-C868-4C0D-AE68-1D8C027BC587}.Release|x86.ActiveCfg = Release|Any CPU
		{A87AA2D2-AA47-4923-A807-8712D1B8F4CD}.Debug|Any CPU.ActiveCfg = Debug|Any CPU
		{A87AA2D2-AA47-4923-A807-8712D1B8F4CD}.Debug|Any CPU.Build.0 = Debug|Any CPU
		{A87AA2D2-AA47-4923-A807-8712D1B8F4CD}.Debug|ARM.ActiveCfg = Debug|Any CPU
		{A87AA2D2-AA47-4923-A807-8712D1B8F4CD}.Debug|Mixed Platforms.ActiveCfg = Debug|Any CPU
		{A87AA2D2-AA47-4923-A807-8712D1B8F4CD}.Debug|Mixed Platforms.Build.0 = Debug|Any CPU
		{A87AA2D2-AA47-4923-A807-8712D1B8F4CD}.Debug|x64.ActiveCfg = Debug|Any CPU
		{A87AA2D2-AA47-4923-A807-8712D1B8F4CD}.Debug|x86.ActiveCfg = Debug|Any CPU
		{A87AA2D2-AA47-4923-A807-8712D1B8F4CD}.Release|Any CPU.ActiveCfg = Release|Any CPU
		{A87AA2D2-AA47-4923-A807-8712D1B8F4CD}.Release|Any CPU.Build.0 = Release|Any CPU
		{A87AA2D2-AA47-4923-A807-8712D1B8F4CD}.Release|ARM.ActiveCfg = Release|Any CPU
		{A87AA2D2-AA47-4923-A807-8712D1B8F4CD}.Release|Mixed Platforms.ActiveCfg = Release|Any CPU
		{A87AA2D2-AA47-4923-A807-8712D1B8F4CD}.Release|Mixed Platforms.Build.0 = Release|Any CPU
		{A87AA2D2-AA47-4923-A807-8712D1B8F4CD}.Release|x64.ActiveCfg = Release|Any CPU
		{A87AA2D2-AA47-4923-A807-8712D1B8F4CD}.Release|x86.ActiveCfg = Release|Any CPU
		{E287DFA1-5207-458E-B7C4-906AFF1CAE28}.Debug|Any CPU.ActiveCfg = Debug|Any CPU
		{E287DFA1-5207-458E-B7C4-906AFF1CAE28}.Debug|Any CPU.Build.0 = Debug|Any CPU
		{E287DFA1-5207-458E-B7C4-906AFF1CAE28}.Debug|ARM.ActiveCfg = Debug|Any CPU
		{E287DFA1-5207-458E-B7C4-906AFF1CAE28}.Debug|Mixed Platforms.ActiveCfg = Debug|Any CPU
		{E287DFA1-5207-458E-B7C4-906AFF1CAE28}.Debug|Mixed Platforms.Build.0 = Debug|Any CPU
		{E287DFA1-5207-458E-B7C4-906AFF1CAE28}.Debug|x64.ActiveCfg = Debug|Any CPU
		{E287DFA1-5207-458E-B7C4-906AFF1CAE28}.Debug|x86.ActiveCfg = Debug|Any CPU
		{E287DFA1-5207-458E-B7C4-906AFF1CAE28}.Release|Any CPU.ActiveCfg = Release|Any CPU
		{E287DFA1-5207-458E-B7C4-906AFF1CAE28}.Release|Any CPU.Build.0 = Release|Any CPU
		{E287DFA1-5207-458E-B7C4-906AFF1CAE28}.Release|ARM.ActiveCfg = Release|Any CPU
		{E287DFA1-5207-458E-B7C4-906AFF1CAE28}.Release|Mixed Platforms.ActiveCfg = Release|Any CPU
		{E287DFA1-5207-458E-B7C4-906AFF1CAE28}.Release|Mixed Platforms.Build.0 = Release|Any CPU
		{E287DFA1-5207-458E-B7C4-906AFF1CAE28}.Release|x64.ActiveCfg = Release|Any CPU
		{E287DFA1-5207-458E-B7C4-906AFF1CAE28}.Release|x86.ActiveCfg = Release|Any CPU
		{595156F1-E23C-4F21-9C7A-E43BE0090E42}.Debug|Any CPU.ActiveCfg = Debug|Any CPU
		{595156F1-E23C-4F21-9C7A-E43BE0090E42}.Debug|Any CPU.Build.0 = Debug|Any CPU
		{595156F1-E23C-4F21-9C7A-E43BE0090E42}.Debug|ARM.ActiveCfg = Debug|Any CPU
		{595156F1-E23C-4F21-9C7A-E43BE0090E42}.Debug|Mixed Platforms.ActiveCfg = Debug|Any CPU
		{595156F1-E23C-4F21-9C7A-E43BE0090E42}.Debug|Mixed Platforms.Build.0 = Debug|Any CPU
		{595156F1-E23C-4F21-9C7A-E43BE0090E42}.Debug|x64.ActiveCfg = Debug|Any CPU
		{595156F1-E23C-4F21-9C7A-E43BE0090E42}.Debug|x86.ActiveCfg = Debug|Any CPU
		{595156F1-E23C-4F21-9C7A-E43BE0090E42}.Release|Any CPU.ActiveCfg = Release|Any CPU
		{595156F1-E23C-4F21-9C7A-E43BE0090E42}.Release|Any CPU.Build.0 = Release|Any CPU
		{595156F1-E23C-4F21-9C7A-E43BE0090E42}.Release|ARM.ActiveCfg = Release|Any CPU
		{595156F1-E23C-4F21-9C7A-E43BE0090E42}.Release|Mixed Platforms.ActiveCfg = Release|Any CPU
		{595156F1-E23C-4F21-9C7A-E43BE0090E42}.Release|Mixed Platforms.Build.0 = Release|Any CPU
		{595156F1-E23C-4F21-9C7A-E43BE0090E42}.Release|x64.ActiveCfg = Release|Any CPU
		{595156F1-E23C-4F21-9C7A-E43BE0090E42}.Release|x86.ActiveCfg = Release|Any CPU
		{DC39D514-7820-4353-98FD-0D559313BA89}.Debug|Any CPU.ActiveCfg = Debug|Any CPU
		{DC39D514-7820-4353-98FD-0D559313BA89}.Debug|Any CPU.Build.0 = Debug|Any CPU
		{DC39D514-7820-4353-98FD-0D559313BA89}.Debug|ARM.ActiveCfg = Debug|Any CPU
		{DC39D514-7820-4353-98FD-0D559313BA89}.Debug|Mixed Platforms.ActiveCfg = Debug|Any CPU
		{DC39D514-7820-4353-98FD-0D559313BA89}.Debug|Mixed Platforms.Build.0 = Debug|Any CPU
		{DC39D514-7820-4353-98FD-0D559313BA89}.Debug|x64.ActiveCfg = Debug|Any CPU
		{DC39D514-7820-4353-98FD-0D559313BA89}.Debug|x86.ActiveCfg = Debug|Any CPU
		{DC39D514-7820-4353-98FD-0D559313BA89}.Release|Any CPU.ActiveCfg = Release|Any CPU
		{DC39D514-7820-4353-98FD-0D559313BA89}.Release|Any CPU.Build.0 = Release|Any CPU
		{DC39D514-7820-4353-98FD-0D559313BA89}.Release|ARM.ActiveCfg = Release|Any CPU
		{DC39D514-7820-4353-98FD-0D559313BA89}.Release|Mixed Platforms.ActiveCfg = Release|Any CPU
		{DC39D514-7820-4353-98FD-0D559313BA89}.Release|Mixed Platforms.Build.0 = Release|Any CPU
		{DC39D514-7820-4353-98FD-0D559313BA89}.Release|x64.ActiveCfg = Release|Any CPU
		{DC39D514-7820-4353-98FD-0D559313BA89}.Release|x86.ActiveCfg = Release|Any CPU
		{F1CC6B14-10F5-4E39-A96E-86D2CC440CCE}.Debug|Any CPU.ActiveCfg = Debug|Any CPU
		{F1CC6B14-10F5-4E39-A96E-86D2CC440CCE}.Debug|Any CPU.Build.0 = Debug|Any CPU
		{F1CC6B14-10F5-4E39-A96E-86D2CC440CCE}.Debug|ARM.ActiveCfg = Debug|Any CPU
		{F1CC6B14-10F5-4E39-A96E-86D2CC440CCE}.Debug|Mixed Platforms.ActiveCfg = Debug|Any CPU
		{F1CC6B14-10F5-4E39-A96E-86D2CC440CCE}.Debug|Mixed Platforms.Build.0 = Debug|Any CPU
		{F1CC6B14-10F5-4E39-A96E-86D2CC440CCE}.Debug|x64.ActiveCfg = Debug|Any CPU
		{F1CC6B14-10F5-4E39-A96E-86D2CC440CCE}.Debug|x86.ActiveCfg = Debug|Any CPU
		{F1CC6B14-10F5-4E39-A96E-86D2CC440CCE}.Release|Any CPU.ActiveCfg = Release|Any CPU
		{F1CC6B14-10F5-4E39-A96E-86D2CC440CCE}.Release|Any CPU.Build.0 = Release|Any CPU
		{F1CC6B14-10F5-4E39-A96E-86D2CC440CCE}.Release|ARM.ActiveCfg = Release|Any CPU
		{F1CC6B14-10F5-4E39-A96E-86D2CC440CCE}.Release|Mixed Platforms.ActiveCfg = Release|Any CPU
		{F1CC6B14-10F5-4E39-A96E-86D2CC440CCE}.Release|Mixed Platforms.Build.0 = Release|Any CPU
		{F1CC6B14-10F5-4E39-A96E-86D2CC440CCE}.Release|x64.ActiveCfg = Release|Any CPU
		{F1CC6B14-10F5-4E39-A96E-86D2CC440CCE}.Release|x86.ActiveCfg = Release|Any CPU
		{F5DCEF5D-D839-45B4-9E9D-D196C6F921F9}.Debug|Any CPU.ActiveCfg = Debug|Any CPU
		{F5DCEF5D-D839-45B4-9E9D-D196C6F921F9}.Debug|Any CPU.Build.0 = Debug|Any CPU
		{F5DCEF5D-D839-45B4-9E9D-D196C6F921F9}.Debug|ARM.ActiveCfg = Debug|Any CPU
		{F5DCEF5D-D839-45B4-9E9D-D196C6F921F9}.Debug|Mixed Platforms.ActiveCfg = Debug|Any CPU
		{F5DCEF5D-D839-45B4-9E9D-D196C6F921F9}.Debug|Mixed Platforms.Build.0 = Debug|Any CPU
		{F5DCEF5D-D839-45B4-9E9D-D196C6F921F9}.Debug|x64.ActiveCfg = Debug|Any CPU
		{F5DCEF5D-D839-45B4-9E9D-D196C6F921F9}.Debug|x86.ActiveCfg = Debug|Any CPU
		{F5DCEF5D-D839-45B4-9E9D-D196C6F921F9}.Release|Any CPU.ActiveCfg = Release|Any CPU
		{F5DCEF5D-D839-45B4-9E9D-D196C6F921F9}.Release|Any CPU.Build.0 = Release|Any CPU
		{F5DCEF5D-D839-45B4-9E9D-D196C6F921F9}.Release|ARM.ActiveCfg = Release|Any CPU
		{F5DCEF5D-D839-45B4-9E9D-D196C6F921F9}.Release|Mixed Platforms.ActiveCfg = Release|Any CPU
		{F5DCEF5D-D839-45B4-9E9D-D196C6F921F9}.Release|Mixed Platforms.Build.0 = Release|Any CPU
		{F5DCEF5D-D839-45B4-9E9D-D196C6F921F9}.Release|x64.ActiveCfg = Release|Any CPU
		{F5DCEF5D-D839-45B4-9E9D-D196C6F921F9}.Release|x86.ActiveCfg = Release|Any CPU
		{4ACE6566-2BDF-467A-8D4F-35188BDBBC29}.Debug|Any CPU.ActiveCfg = Debug|Any CPU
		{4ACE6566-2BDF-467A-8D4F-35188BDBBC29}.Debug|Any CPU.Build.0 = Debug|Any CPU
		{4ACE6566-2BDF-467A-8D4F-35188BDBBC29}.Debug|ARM.ActiveCfg = Debug|Any CPU
		{4ACE6566-2BDF-467A-8D4F-35188BDBBC29}.Debug|Mixed Platforms.ActiveCfg = Debug|Any CPU
		{4ACE6566-2BDF-467A-8D4F-35188BDBBC29}.Debug|Mixed Platforms.Build.0 = Debug|Any CPU
		{4ACE6566-2BDF-467A-8D4F-35188BDBBC29}.Debug|x64.ActiveCfg = Debug|Any CPU
		{4ACE6566-2BDF-467A-8D4F-35188BDBBC29}.Debug|x86.ActiveCfg = Debug|Any CPU
		{4ACE6566-2BDF-467A-8D4F-35188BDBBC29}.Release|Any CPU.ActiveCfg = Release|Any CPU
		{4ACE6566-2BDF-467A-8D4F-35188BDBBC29}.Release|Any CPU.Build.0 = Release|Any CPU
		{4ACE6566-2BDF-467A-8D4F-35188BDBBC29}.Release|ARM.ActiveCfg = Release|Any CPU
		{4ACE6566-2BDF-467A-8D4F-35188BDBBC29}.Release|Mixed Platforms.ActiveCfg = Release|Any CPU
		{4ACE6566-2BDF-467A-8D4F-35188BDBBC29}.Release|Mixed Platforms.Build.0 = Release|Any CPU
		{4ACE6566-2BDF-467A-8D4F-35188BDBBC29}.Release|x64.ActiveCfg = Release|Any CPU
		{4ACE6566-2BDF-467A-8D4F-35188BDBBC29}.Release|x86.ActiveCfg = Release|Any CPU
		{CA6ADDDC-E0B6-4A18-A660-640BAC0669B8}.Debug|Any CPU.ActiveCfg = Debug|Any CPU
		{CA6ADDDC-E0B6-4A18-A660-640BAC0669B8}.Debug|Any CPU.Build.0 = Debug|Any CPU
		{CA6ADDDC-E0B6-4A18-A660-640BAC0669B8}.Debug|ARM.ActiveCfg = Debug|Any CPU
		{CA6ADDDC-E0B6-4A18-A660-640BAC0669B8}.Debug|Mixed Platforms.ActiveCfg = Debug|Any CPU
		{CA6ADDDC-E0B6-4A18-A660-640BAC0669B8}.Debug|Mixed Platforms.Build.0 = Debug|Any CPU
		{CA6ADDDC-E0B6-4A18-A660-640BAC0669B8}.Debug|x64.ActiveCfg = Debug|Any CPU
		{CA6ADDDC-E0B6-4A18-A660-640BAC0669B8}.Debug|x86.ActiveCfg = Debug|Any CPU
		{CA6ADDDC-E0B6-4A18-A660-640BAC0669B8}.Release|Any CPU.ActiveCfg = Release|Any CPU
		{CA6ADDDC-E0B6-4A18-A660-640BAC0669B8}.Release|Any CPU.Build.0 = Release|Any CPU
		{CA6ADDDC-E0B6-4A18-A660-640BAC0669B8}.Release|ARM.ActiveCfg = Release|Any CPU
		{CA6ADDDC-E0B6-4A18-A660-640BAC0669B8}.Release|Mixed Platforms.ActiveCfg = Release|Any CPU
		{CA6ADDDC-E0B6-4A18-A660-640BAC0669B8}.Release|Mixed Platforms.Build.0 = Release|Any CPU
		{CA6ADDDC-E0B6-4A18-A660-640BAC0669B8}.Release|x64.ActiveCfg = Release|Any CPU
		{CA6ADDDC-E0B6-4A18-A660-640BAC0669B8}.Release|x86.ActiveCfg = Release|Any CPU
		{19982FD0-EB36-4EAD-8D26-4330051BC983}.Debug|Any CPU.ActiveCfg = Debug|Any CPU
		{19982FD0-EB36-4EAD-8D26-4330051BC983}.Debug|Any CPU.Build.0 = Debug|Any CPU
		{19982FD0-EB36-4EAD-8D26-4330051BC983}.Debug|ARM.ActiveCfg = Debug|Any CPU
		{19982FD0-EB36-4EAD-8D26-4330051BC983}.Debug|Mixed Platforms.ActiveCfg = Debug|Any CPU
		{19982FD0-EB36-4EAD-8D26-4330051BC983}.Debug|Mixed Platforms.Build.0 = Debug|Any CPU
		{19982FD0-EB36-4EAD-8D26-4330051BC983}.Debug|x64.ActiveCfg = Debug|Any CPU
		{19982FD0-EB36-4EAD-8D26-4330051BC983}.Debug|x86.ActiveCfg = Debug|Any CPU
		{19982FD0-EB36-4EAD-8D26-4330051BC983}.Release|Any CPU.ActiveCfg = Release|Any CPU
		{19982FD0-EB36-4EAD-8D26-4330051BC983}.Release|Any CPU.Build.0 = Release|Any CPU
		{19982FD0-EB36-4EAD-8D26-4330051BC983}.Release|ARM.ActiveCfg = Release|Any CPU
		{19982FD0-EB36-4EAD-8D26-4330051BC983}.Release|Mixed Platforms.ActiveCfg = Release|Any CPU
		{19982FD0-EB36-4EAD-8D26-4330051BC983}.Release|Mixed Platforms.Build.0 = Release|Any CPU
		{19982FD0-EB36-4EAD-8D26-4330051BC983}.Release|x64.ActiveCfg = Release|Any CPU
		{19982FD0-EB36-4EAD-8D26-4330051BC983}.Release|x86.ActiveCfg = Release|Any CPU
		{390D26E4-0CEC-40BF-8DF2-5FBBA877131A}.Debug|Any CPU.ActiveCfg = Debug|Any CPU
		{390D26E4-0CEC-40BF-8DF2-5FBBA877131A}.Debug|Any CPU.Build.0 = Debug|Any CPU
		{390D26E4-0CEC-40BF-8DF2-5FBBA877131A}.Debug|ARM.ActiveCfg = Debug|Any CPU
		{390D26E4-0CEC-40BF-8DF2-5FBBA877131A}.Debug|Mixed Platforms.ActiveCfg = Debug|Any CPU
		{390D26E4-0CEC-40BF-8DF2-5FBBA877131A}.Debug|Mixed Platforms.Build.0 = Debug|Any CPU
		{390D26E4-0CEC-40BF-8DF2-5FBBA877131A}.Debug|x64.ActiveCfg = Debug|Any CPU
		{390D26E4-0CEC-40BF-8DF2-5FBBA877131A}.Debug|x86.ActiveCfg = Debug|Any CPU
		{390D26E4-0CEC-40BF-8DF2-5FBBA877131A}.Release|Any CPU.ActiveCfg = Release|Any CPU
		{390D26E4-0CEC-40BF-8DF2-5FBBA877131A}.Release|Any CPU.Build.0 = Release|Any CPU
		{390D26E4-0CEC-40BF-8DF2-5FBBA877131A}.Release|ARM.ActiveCfg = Release|Any CPU
		{390D26E4-0CEC-40BF-8DF2-5FBBA877131A}.Release|Mixed Platforms.ActiveCfg = Release|Any CPU
		{390D26E4-0CEC-40BF-8DF2-5FBBA877131A}.Release|Mixed Platforms.Build.0 = Release|Any CPU
		{390D26E4-0CEC-40BF-8DF2-5FBBA877131A}.Release|x64.ActiveCfg = Release|Any CPU
		{390D26E4-0CEC-40BF-8DF2-5FBBA877131A}.Release|x86.ActiveCfg = Release|Any CPU
		{CD415E4A-AC9F-4098-8555-B489CB68AA2E}.Debug|Any CPU.ActiveCfg = Debug|Any CPU
		{CD415E4A-AC9F-4098-8555-B489CB68AA2E}.Debug|Any CPU.Build.0 = Debug|Any CPU
		{CD415E4A-AC9F-4098-8555-B489CB68AA2E}.Debug|ARM.ActiveCfg = Debug|Any CPU
		{CD415E4A-AC9F-4098-8555-B489CB68AA2E}.Debug|Mixed Platforms.ActiveCfg = Debug|Any CPU
		{CD415E4A-AC9F-4098-8555-B489CB68AA2E}.Debug|Mixed Platforms.Build.0 = Debug|Any CPU
		{CD415E4A-AC9F-4098-8555-B489CB68AA2E}.Debug|x64.ActiveCfg = Debug|Any CPU
		{CD415E4A-AC9F-4098-8555-B489CB68AA2E}.Debug|x86.ActiveCfg = Debug|Any CPU
		{CD415E4A-AC9F-4098-8555-B489CB68AA2E}.Release|Any CPU.ActiveCfg = Release|Any CPU
		{CD415E4A-AC9F-4098-8555-B489CB68AA2E}.Release|Any CPU.Build.0 = Release|Any CPU
		{CD415E4A-AC9F-4098-8555-B489CB68AA2E}.Release|ARM.ActiveCfg = Release|Any CPU
		{CD415E4A-AC9F-4098-8555-B489CB68AA2E}.Release|Mixed Platforms.ActiveCfg = Release|Any CPU
		{CD415E4A-AC9F-4098-8555-B489CB68AA2E}.Release|Mixed Platforms.Build.0 = Release|Any CPU
		{CD415E4A-AC9F-4098-8555-B489CB68AA2E}.Release|x64.ActiveCfg = Release|Any CPU
		{CD415E4A-AC9F-4098-8555-B489CB68AA2E}.Release|x86.ActiveCfg = Release|Any CPU
		{00622621-B2AA-442C-8D7F-09D6DB59025C}.Debug|Any CPU.ActiveCfg = Debug|Any CPU
		{00622621-B2AA-442C-8D7F-09D6DB59025C}.Debug|Any CPU.Build.0 = Debug|Any CPU
		{00622621-B2AA-442C-8D7F-09D6DB59025C}.Debug|ARM.ActiveCfg = Debug|Any CPU
		{00622621-B2AA-442C-8D7F-09D6DB59025C}.Debug|Mixed Platforms.ActiveCfg = Debug|Any CPU
		{00622621-B2AA-442C-8D7F-09D6DB59025C}.Debug|Mixed Platforms.Build.0 = Debug|Any CPU
		{00622621-B2AA-442C-8D7F-09D6DB59025C}.Debug|x64.ActiveCfg = Debug|Any CPU
		{00622621-B2AA-442C-8D7F-09D6DB59025C}.Debug|x86.ActiveCfg = Debug|Any CPU
		{00622621-B2AA-442C-8D7F-09D6DB59025C}.Release|Any CPU.ActiveCfg = Release|Any CPU
		{00622621-B2AA-442C-8D7F-09D6DB59025C}.Release|Any CPU.Build.0 = Release|Any CPU
		{00622621-B2AA-442C-8D7F-09D6DB59025C}.Release|ARM.ActiveCfg = Release|Any CPU
		{00622621-B2AA-442C-8D7F-09D6DB59025C}.Release|Mixed Platforms.ActiveCfg = Release|Any CPU
		{00622621-B2AA-442C-8D7F-09D6DB59025C}.Release|Mixed Platforms.Build.0 = Release|Any CPU
		{00622621-B2AA-442C-8D7F-09D6DB59025C}.Release|x64.ActiveCfg = Release|Any CPU
		{00622621-B2AA-442C-8D7F-09D6DB59025C}.Release|x86.ActiveCfg = Release|Any CPU
	EndGlobalSection
	GlobalSection(SolutionProperties) = preSolution
		HideSolutionNode = FALSE
	EndGlobalSection
	GlobalSection(NestedProjects) = preSolution
		{6AD13A32-C00F-407F-BE67-F12898BC0E1D} = {C90F717F-E69A-4DCB-939F-68AD3169CACE}
		{13B0E95F-C868-4C0D-AE68-1D8C027BC587} = {C90F717F-E69A-4DCB-939F-68AD3169CACE}
		{A87AA2D2-AA47-4923-A807-8712D1B8F4CD} = {C90F717F-E69A-4DCB-939F-68AD3169CACE}
		{E287DFA1-5207-458E-B7C4-906AFF1CAE28} = {C90F717F-E69A-4DCB-939F-68AD3169CACE}
		{EBD12147-96E6-4537-BE04-B1E5F7BEAA52} = {C90F717F-E69A-4DCB-939F-68AD3169CACE}
		{F5DCEF5D-D839-45B4-9E9D-D196C6F921F9} = {C90F717F-E69A-4DCB-939F-68AD3169CACE}
		{595156F1-E23C-4F21-9C7A-E43BE0090E42} = {0C2EC515-24E9-4D74-9439-430E355BA433}
		{DC39D514-7820-4353-98FD-0D559313BA89} = {0C2EC515-24E9-4D74-9439-430E355BA433}
		{F1CC6B14-10F5-4E39-A96E-86D2CC440CCE} = {0C2EC515-24E9-4D74-9439-430E355BA433}
		{4ACE6566-2BDF-467A-8D4F-35188BDBBC29} = {0C2EC515-24E9-4D74-9439-430E355BA433}
		{CA6ADDDC-E0B6-4A18-A660-640BAC0669B8} = {0C2EC515-24E9-4D74-9439-430E355BA433}
		{19982FD0-EB36-4EAD-8D26-4330051BC983} = {0C2EC515-24E9-4D74-9439-430E355BA433}
	EndGlobalSection
EndGlobal
